
Microsoft Visual Studio Solution File, Format Version 12.00
# Visual Studio Version 17
VisualStudioVersion = 17.4.33213.308
MinimumVisualStudioVersion = 10.0.40219.1
Project("{FAE04EC0-301F-11D3-BF4B-00C04F79EFBC}") = "Lab2-parte2", "Lab2-parte2\Lab2-parte2.csproj", "{22985D85-5B27-4A36-B9F8-6C2469B7B66E}"
EndProject
Global
	GlobalSection(SolutionConfigurationPlatforms) = preSolution
		Debug|Any CPU = Debug|Any CPU
		Release|Any CPU = Release|Any CPU
	EndGlobalSection
	GlobalSection(ProjectConfigurationPlatforms) = postSolution
		{22985D85-5B27-4A36-B9F8-6C2469B7B66E}.Debug|Any CPU.ActiveCfg = Debug|Any CPU
		{22985D85-5B27-4A36-B9F8-6C2469B7B66E}.Debug|Any CPU.Build.0 = Debug|Any CPU
		{22985D85-5B27-4A36-B9F8-6C2469B7B66E}.Release|Any CPU.ActiveCfg = Release|Any CPU
		{22985D85-5B27-4A36-B9F8-6C2469B7B66E}.Release|Any CPU.Build.0 = Release|Any CPU
	EndGlobalSection
	GlobalSection(SolutionProperties) = preSolution
		HideSolutionNode = FALSE
	EndGlobalSection
	GlobalSection(ExtensibilityGlobals) = postSolution
		SolutionGuid = {BBAAE316-BF4A-4850-930A-636C23A8C6DA}
	EndGlobalSection
EndGlobal
