
Microsoft Visual Studio Solution File, Format Version 12.00
# Visual Studio Version 17
VisualStudioVersion = 17.4.33213.308
MinimumVisualStudioVersion = 10.0.40219.1
Project("{FAE04EC0-301F-11D3-BF4B-00C04F79EFBC}") = "Prueba de procesos", "Prueba de procesos\Prueba de procesos.csproj", "{0006771A-7DFC-4982-B11F-84C9A7D31E18}"
EndProject
Global
	GlobalSection(SolutionConfigurationPlatforms) = preSolution
		Debug|Any CPU = Debug|Any CPU
		Release|Any CPU = Release|Any CPU
	EndGlobalSection
	GlobalSection(ProjectConfigurationPlatforms) = postSolution
		{0006771A-7DFC-4982-B11F-84C9A7D31E18}.Debug|Any CPU.ActiveCfg = Debug|Any CPU
		{0006771A-7DFC-4982-B11F-84C9A7D31E18}.Debug|Any CPU.Build.0 = Debug|Any CPU
		{0006771A-7DFC-4982-B11F-84C9A7D31E18}.Release|Any CPU.ActiveCfg = Release|Any CPU
		{0006771A-7DFC-4982-B11F-84C9A7D31E18}.Release|Any CPU.Build.0 = Release|Any CPU
	EndGlobalSection
	GlobalSection(SolutionProperties) = preSolution
		HideSolutionNode = FALSE
	EndGlobalSection
	GlobalSection(ExtensibilityGlobals) = postSolution
		SolutionGuid = {B803CBC2-6C2D-4590-8AE8-217571988A52}
	EndGlobalSection
EndGlobal
